
Microsoft Visual Studio Solution File, Format Version 12.00
# Visual Studio 15
VisualStudioVersion = 15.0.28307.1401
MinimumVisualStudioVersion = 10.0.40219.1
Project("{8BC9CEB8-8B4A-11D0-8D11-00A0C91BC942}") = "Lab4_proc", "Lab4_proc\Lab4_proc.vcxproj", "{10EB28BB-EF36-4717-B392-94F328A88C12}"
EndProject
Project("{8BC9CEB8-8B4A-11D0-8D11-00A0C91BC942}") = "TestLab4_proc", "TestLab4_proc\TestLab4_proc.vcxproj", "{6A9FFB74-6B8D-4D84-BF74-F9081F72A29F}"
EndProject
Project("{2150E333-8FDC-42A3-9474-1A3956D46DE8}") = "Solution Items", "Solution Items", "{DC6C9E73-C836-40A5-B5F0-F80589FB0D9F}"
	ProjectSection(SolutionItems) = preProject
		.clang-format = .clang-format
	EndProjectSection
EndProject
Global
	GlobalSection(SolutionConfigurationPlatforms) = preSolution
		Debug|x64 = Debug|x64
		Debug|x86 = Debug|x86
		Release|x64 = Release|x64
		Release|x86 = Release|x86
	EndGlobalSection
	GlobalSection(ProjectConfigurationPlatforms) = postSolution
		{10EB28BB-EF36-4717-B392-94F328A88C12}.Debug|x64.ActiveCfg = Debug|x64
		{10EB28BB-EF36-4717-B392-94F328A88C12}.Debug|x64.Build.0 = Debug|x64
		{10EB28BB-EF36-4717-B392-94F328A88C12}.Debug|x86.ActiveCfg = Debug|Win32
		{10EB28BB-EF36-4717-B392-94F328A88C12}.Debug|x86.Build.0 = Debug|Win32
		{10EB28BB-EF36-4717-B392-94F328A88C12}.Release|x64.ActiveCfg = Release|x64
		{10EB28BB-EF36-4717-B392-94F328A88C12}.Release|x64.Build.0 = Release|x64
		{10EB28BB-EF36-4717-B392-94F328A88C12}.Release|x86.ActiveCfg = Release|Win32
		{10EB28BB-EF36-4717-B392-94F328A88C12}.Release|x86.Build.0 = Release|Win32
		{6A9FFB74-6B8D-4D84-BF74-F9081F72A29F}.Debug|x64.ActiveCfg = Debug|x64
		{6A9FFB74-6B8D-4D84-BF74-F9081F72A29F}.Debug|x64.Build.0 = Debug|x64
		{6A9FFB74-6B8D-4D84-BF74-F9081F72A29F}.Debug|x86.ActiveCfg = Debug|Win32
		{6A9FFB74-6B8D-4D84-BF74-F9081F72A29F}.Debug|x86.Build.0 = Debug|Win32
		{6A9FFB74-6B8D-4D84-BF74-F9081F72A29F}.Release|x64.ActiveCfg = Release|x64
		{6A9FFB74-6B8D-4D84-BF74-F9081F72A29F}.Release|x64.Build.0 = Release|x64
		{6A9FFB74-6B8D-4D84-BF74-F9081F72A29F}.Release|x86.ActiveCfg = Release|Win32
		{6A9FFB74-6B8D-4D84-BF74-F9081F72A29F}.Release|x86.Build.0 = Release|Win32
	EndGlobalSection
	GlobalSection(SolutionProperties) = preSolution
		HideSolutionNode = FALSE
	EndGlobalSection
	GlobalSection(ExtensibilityGlobals) = postSolution
		SolutionGuid = {123A38E4-C8BE-4C9E-BDD1-0989336C9F35}
	EndGlobalSection
EndGlobal
